// !$*UTF8*$!
{
	archiveVersion = 1;
	classes = {
	};
	objectVersion = 46;
	objects = {

/* Begin PBXBuildFile section */
		CB0F5C1B1A749C9A00E52850 /* model.swift in Sources */ = {isa = PBXBuildFile; fileRef = CB0F5C1A1A749C9A00E52850 /* model.swift */; };
		CB1659E21A7B555D0021972D /* biaogaoTableViewController.swift in Sources */ = {isa = PBXBuildFile; fileRef = CB1659E11A7B555D0021972D /* biaogaoTableViewController.swift */; };
		CB1659E41A7B5A650021972D /* thirdViewController.swift in Sources */ = {isa = PBXBuildFile; fileRef = CB1659E31A7B5A650021972D /* thirdViewController.swift */; };
		CB1659E61A7B6C1E0021972D /* AddNewDataTableViewController.swift in Sources */ = {isa = PBXBuildFile; fileRef = CB1659E51A7B6C1E0021972D /* AddNewDataTableViewController.swift */; };
		CB4C12DE1A734D47000D5CE1 /* AppDelegate.swift in Sources */ = {isa = PBXBuildFile; fileRef = CB4C12DD1A734D47000D5CE1 /* AppDelegate.swift */; };
		CB4C12E31A734D47000D5CE1 /* Main.storyboard in Resources */ = {isa = PBXBuildFile; fileRef = CB4C12E11A734D47000D5CE1 /* Main.storyboard */; };
		CB4C12E81A734D47000D5CE1 /* LaunchScreen.xib in Resources */ = {isa = PBXBuildFile; fileRef = CB4C12E61A734D47000D5CE1 /* LaunchScreen.xib */; };
		CB4C12F41A734D47000D5CE1 /* Mapping_AssTests.swift in Sources */ = {isa = PBXBuildFile; fileRef = CB4C12F31A734D47000D5CE1 /* Mapping_AssTests.swift */; };
		CB4C13001A735914000D5CE1 /* Images.xcassets in Resources */ = {isa = PBXBuildFile; fileRef = CB4C12FF1A735914000D5CE1 /* Images.xcassets */; };
		CB4C13021A735E03000D5CE1 /* FirstViewController.swift in Sources */ = {isa = PBXBuildFile; fileRef = CB4C13011A735E03000D5CE1 /* FirstViewController.swift */; };
		CB4C13041A73645C000D5CE1 /* HistoryTableViewController.swift in Sources */ = {isa = PBXBuildFile; fileRef = CB4C13031A73645C000D5CE1 /* HistoryTableViewController.swift */; };
		CB4C13061A73B250000D5CE1 /* mainMath.swift in Sources */ = {isa = PBXBuildFile; fileRef = CB4C13051A73B250000D5CE1 /* mainMath.swift */; };
		CBABD2DB1A820C2E00C3FF78 /* SecondViewController.swift in Sources */ = {isa = PBXBuildFile; fileRef = CBABD2DA1A820C2E00C3FF78 /* SecondViewController.swift */; };
/* End PBXBuildFile section */

/* Begin PBXContainerItemProxy section */
		CB4C12EE1A734D47000D5CE1 /* PBXContainerItemProxy */ = {
			isa = PBXContainerItemProxy;
			containerPortal = CB4C12D01A734D47000D5CE1 /* Project object */;
			proxyType = 1;
			remoteGlobalIDString = CB4C12D71A734D47000D5CE1;
			remoteInfo = "Mapping Ass";
		};
/* End PBXContainerItemProxy section */

/* Begin PBXFileReference section */
		CB0F5C1A1A749C9A00E52850 /* model.swift */ = {isa = PBXFileReference; fileEncoding = 4; lastKnownFileType = sourcecode.swift; path = model.swift; sourceTree = "<group>"; };
		CB1659E11A7B555D0021972D /* biaogaoTableViewController.swift */ = {isa = PBXFileReference; fileEncoding = 4; lastKnownFileType = sourcecode.swift; path = biaogaoTableViewController.swift; sourceTree = "<group>"; };
		CB1659E31A7B5A650021972D /* thirdViewController.swift */ = {isa = PBXFileReference; fileEncoding = 4; lastKnownFileType = sourcecode.swift; path = thirdViewController.swift; sourceTree = "<group>"; };
		CB1659E51A7B6C1E0021972D /* AddNewDataTableViewController.swift */ = {isa = PBXFileReference; fileEncoding = 4; lastKnownFileType = sourcecode.swift; path = AddNewDataTableViewController.swift; sourceTree = "<group>"; };
		CB4C12D81A734D47000D5CE1 /* Mapping Ass.app */ = {isa = PBXFileReference; explicitFileType = wrapper.application; includeInIndex = 0; path = "Mapping Ass.app"; sourceTree = BUILT_PRODUCTS_DIR; };
		CB4C12DC1A734D47000D5CE1 /* Info.plist */ = {isa = PBXFileReference; lastKnownFileType = text.plist.xml; path = Info.plist; sourceTree = "<group>"; };
		CB4C12DD1A734D47000D5CE1 /* AppDelegate.swift */ = {isa = PBXFileReference; lastKnownFileType = sourcecode.swift; path = AppDelegate.swift; sourceTree = "<group>"; };
		CB4C12E21A734D47000D5CE1 /* Base */ = {isa = PBXFileReference; lastKnownFileType = file.storyboard; name = Base; path = Base.lproj/Main.storyboard; sourceTree = "<group>"; };
		CB4C12E71A734D47000D5CE1 /* Base */ = {isa = PBXFileReference; lastKnownFileType = file.xib; name = Base; path = Base.lproj/LaunchScreen.xib; sourceTree = "<group>"; };
		CB4C12ED1A734D47000D5CE1 /* Mapping AssTests.xctest */ = {isa = PBXFileReference; explicitFileType = wrapper.cfbundle; includeInIndex = 0; path = "Mapping AssTests.xctest"; sourceTree = BUILT_PRODUCTS_DIR; };
		CB4C12F21A734D47000D5CE1 /* Info.plist */ = {isa = PBXFileReference; lastKnownFileType = text.plist.xml; path = Info.plist; sourceTree = "<group>"; };
		CB4C12F31A734D47000D5CE1 /* Mapping_AssTests.swift */ = {isa = PBXFileReference; lastKnownFileType = sourcecode.swift; path = Mapping_AssTests.swift; sourceTree = "<group>"; };
		CB4C12FF1A735914000D5CE1 /* Images.xcassets */ = {isa = PBXFileReference; lastKnownFileType = folder.assetcatalog; path = Images.xcassets; sourceTree = "<group>"; };
		CB4C13011A735E03000D5CE1 /* FirstViewController.swift */ = {isa = PBXFileReference; fileEncoding = 4; lastKnownFileType = sourcecode.swift; path = FirstViewController.swift; sourceTree = "<group>"; };
		CB4C13031A73645C000D5CE1 /* HistoryTableViewController.swift */ = {isa = PBXFileReference; fileEncoding = 4; lastKnownFileType = sourcecode.swift; path = HistoryTableViewController.swift; sourceTree = "<group>"; };
		CB4C13051A73B250000D5CE1 /* mainMath.swift */ = {isa = PBXFileReference; fileEncoding = 4; lastKnownFileType = sourcecode.swift; path = mainMath.swift; sourceTree = "<group>"; };
		CBABD2DA1A820C2E00C3FF78 /* SecondViewController.swift */ = {isa = PBXFileReference; fileEncoding = 4; lastKnownFileType = sourcecode.swift; path = SecondViewController.swift; sourceTree = "<group>"; };
/* End PBXFileReference section */

/* Begin PBXFrameworksBuildPhase section */
		CB4C12D51A734D47000D5CE1 /* Frameworks */ = {
			isa = PBXFrameworksBuildPhase;
			buildActionMask = 2147483647;
			files = (
			);
			runOnlyForDeploymentPostprocessing = 0;
		};
		CB4C12EA1A734D47000D5CE1 /* Frameworks */ = {
			isa = PBXFrameworksBuildPhase;
			buildActionMask = 2147483647;
			files = (
			);
			runOnlyForDeploymentPostprocessing = 0;
		};
/* End PBXFrameworksBuildPhase section */

/* Begin PBXGroup section */
		CB4C12CF1A734D47000D5CE1 = {
			isa = PBXGroup;
			children = (
				CB4C12DA1A734D47000D5CE1 /* Mapping Ass */,
				CB4C12F01A734D47000D5CE1 /* Mapping AssTests */,
				CB4C12D91A734D47000D5CE1 /* Products */,
			);
			sourceTree = "<group>";
		};
		CB4C12D91A734D47000D5CE1 /* Products */ = {
			isa = PBXGroup;
			children = (
				CB4C12D81A734D47000D5CE1 /* Mapping Ass.app */,
				CB4C12ED1A734D47000D5CE1 /* Mapping AssTests.xctest */,
			);
			name = Products;
			sourceTree = "<group>";
		};
		CB4C12DA1A734D47000D5CE1 /* Mapping Ass */ = {
			isa = PBXGroup;
			children = (
				CBA359021A7CF88000B01FD3 /* First */,
				CBABD2D91A820BE800C3FF78 /* Second */,
				CBA359031A7CF88E00B01FD3 /* Third */,
				CBA359041A7CF8BD00B01FD3 /* History */,
				CBA359011A7CF83800B01FD3 /* model */,
				CB4C12FF1A735914000D5CE1 /* Images.xcassets */,
				CB4C12E11A734D47000D5CE1 /* Main.storyboard */,
				CB4C12E61A734D47000D5CE1 /* LaunchScreen.xib */,
				CB4C12DB1A734D47000D5CE1 /* Supporting Files */,
			);
			path = "Mapping Ass";
			sourceTree = "<group>";
		};
		CB4C12DB1A734D47000D5CE1 /* Supporting Files */ = {
			isa = PBXGroup;
			children = (
				CB4C12DD1A734D47000D5CE1 /* AppDelegate.swift */,
				CB4C12DC1A734D47000D5CE1 /* Info.plist */,
			);
			name = "Supporting Files";
			sourceTree = "<group>";
		};
		CB4C12F01A734D47000D5CE1 /* Mapping AssTests */ = {
			isa = PBXGroup;
			children = (
				CB4C12F31A734D47000D5CE1 /* Mapping_AssTests.swift */,
				CB4C12F11A734D47000D5CE1 /* Supporting Files */,
			);
			path = "Mapping AssTests";
			sourceTree = "<group>";
		};
		CB4C12F11A734D47000D5CE1 /* Supporting Files */ = {
			isa = PBXGroup;
			children = (
				CB4C12F21A734D47000D5CE1 /* Info.plist */,
			);
			name = "Supporting Files";
			sourceTree = "<group>";
		};
		CBA359011A7CF83800B01FD3 /* model */ = {
			isa = PBXGroup;
			children = (
				CB0F5C1A1A749C9A00E52850 /* model.swift */,
				CB4C13051A73B250000D5CE1 /* mainMath.swift */,
			);
			name = model;
			sourceTree = "<group>";
		};
		CBA359021A7CF88000B01FD3 /* First */ = {
			isa = PBXGroup;
			children = (
				CB4C13011A735E03000D5CE1 /* FirstViewController.swift */,
			);
			name = First;
			sourceTree = "<group>";
		};
		CBA359031A7CF88E00B01FD3 /* Third */ = {
			isa = PBXGroup;
			children = (
				CB1659E31A7B5A650021972D /* thirdViewController.swift */,
				CB1659E11A7B555D0021972D /* biaogaoTableViewController.swift */,
				CB1659E51A7B6C1E0021972D /* AddNewDataTableViewController.swift */,
			);
			name = Third;
			sourceTree = "<group>";
		};
		CBA359041A7CF8BD00B01FD3 /* History */ = {
			isa = PBXGroup;
			children = (
				CB4C13031A73645C000D5CE1 /* HistoryTableViewController.swift */,
			);
			name = History;
			sourceTree = "<group>";
		};
		CBABD2D91A820BE800C3FF78 /* Second */ = {
			isa = PBXGroup;
			children = (
				CBABD2DA1A820C2E00C3FF78 /* SecondViewController.swift */,
			);
			name = Second;
			path = ..;
			sourceTree = "<group>";
		};
/* End PBXGroup section */

/* Begin PBXNativeTarget section */
		CB4C12D71A734D47000D5CE1 /* Mapping Ass */ = {
			isa = PBXNativeTarget;
			buildConfigurationList = CB4C12F71A734D47000D5CE1 /* Build configuration list for PBXNativeTarget "Mapping Ass" */;
			buildPhases = (
				CB4C12D51A734D47000D5CE1 /* Frameworks */,
				CB4C12D41A734D47000D5CE1 /* Sources */,
				CB4C12D61A734D47000D5CE1 /* Resources */,
			);
			buildRules = (
			);
			dependencies = (
			);
			name = "Mapping Ass";
			productName = "Mapping Ass";
			productReference = CB4C12D81A734D47000D5CE1 /* Mapping Ass.app */;
			productType = "com.apple.product-type.application";
		};
		CB4C12EC1A734D47000D5CE1 /* Mapping AssTests */ = {
			isa = PBXNativeTarget;
			buildConfigurationList = CB4C12FA1A734D47000D5CE1 /* Build configuration list for PBXNativeTarget "Mapping AssTests" */;
			buildPhases = (
				CB4C12E91A734D47000D5CE1 /* Sources */,
				CB4C12EA1A734D47000D5CE1 /* Frameworks */,
				CB4C12EB1A734D47000D5CE1 /* Resources */,
			);
			buildRules = (
			);
			dependencies = (
				CB4C12EF1A734D47000D5CE1 /* PBXTargetDependency */,
			);
			name = "Mapping AssTests";
			productName = "Mapping AssTests";
			productReference = CB4C12ED1A734D47000D5CE1 /* Mapping AssTests.xctest */;
			productType = "com.apple.product-type.bundle.unit-test";
		};
/* End PBXNativeTarget section */

/* Begin PBXProject section */
		CB4C12D01A734D47000D5CE1 /* Project object */ = {
			isa = PBXProject;
			attributes = {
				LastUpgradeCheck = 0610;
				ORGANIZATIONNAME = "Bernie Suen";
				TargetAttributes = {
					CB4C12D71A734D47000D5CE1 = {
						CreatedOnToolsVersion = 6.1.1;
					};
					CB4C12EC1A734D47000D5CE1 = {
						CreatedOnToolsVersion = 6.1.1;
						TestTargetID = CB4C12D71A734D47000D5CE1;
					};
				};
			};
			buildConfigurationList = CB4C12D31A734D47000D5CE1 /* Build configuration list for PBXProject "Mapping Ass" */;
			compatibilityVersion = "Xcode 3.2";
			developmentRegion = English;
			hasScannedForEncodings = 0;
			knownRegions = (
				en,
				Base,
			);
			mainGroup = CB4C12CF1A734D47000D5CE1;
			productRefGroup = CB4C12D91A734D47000D5CE1 /* Products */;
			projectDirPath = "";
			projectRoot = "";
			targets = (
				CB4C12D71A734D47000D5CE1 /* Mapping Ass */,
				CB4C12EC1A734D47000D5CE1 /* Mapping AssTests */,
			);
		};
/* End PBXProject section */

/* Begin PBXResourcesBuildPhase section */
		CB4C12D61A734D47000D5CE1 /* Resources */ = {
			isa = PBXResourcesBuildPhase;
			buildActionMask = 2147483647;
			files = (
				CB4C13001A735914000D5CE1 /* Images.xcassets in Resources */,
				CB4C12E31A734D47000D5CE1 /* Main.storyboard in Resources */,
				CB4C12E81A734D47000D5CE1 /* LaunchScreen.xib in Resources */,
			);
			runOnlyForDeploymentPostprocessing = 0;
		};
		CB4C12EB1A734D47000D5CE1 /* Resources */ = {
			isa = PBXResourcesBuildPhase;
			buildActionMask = 2147483647;
			files = (
			);
			runOnlyForDeploymentPostprocessing = 0;
		};
/* End PBXResourcesBuildPhase section */

/* Begin PBXSourcesBuildPhase section */
		CB4C12D41A734D47000D5CE1 /* Sources */ = {
			isa = PBXSourcesBuildPhase;
			buildActionMask = 2147483647;
			files = (
				CB4C13061A73B250000D5CE1 /* mainMath.swift in Sources */,
				CB0F5C1B1A749C9A00E52850 /* model.swift in Sources */,
				CB4C13041A73645C000D5CE1 /* HistoryTableViewController.swift in Sources */,
				CBABD2DB1A820C2E00C3FF78 /* SecondViewController.swift in Sources */,
				CB4C13021A735E03000D5CE1 /* FirstViewController.swift in Sources */,
				CB4C12DE1A734D47000D5CE1 /* AppDelegate.swift in Sources */,
				CB1659E61A7B6C1E0021972D /* AddNewDataTableViewController.swift in Sources */,
				CB1659E41A7B5A650021972D /* thirdViewController.swift in Sources */,
				CB1659E21A7B555D0021972D /* biaogaoTableViewController.swift in Sources */,
			);
			runOnlyForDeploymentPostprocessing = 0;
		};
		CB4C12E91A734D47000D5CE1 /* Sources */ = {
			isa = PBXSourcesBuildPhase;
			buildActionMask = 2147483647;
			files = (
				CB4C12F41A734D47000D5CE1 /* Mapping_AssTests.swift in Sources */,
			);
			runOnlyForDeploymentPostprocessing = 0;
		};
/* End PBXSourcesBuildPhase section */

/* Begin PBXTargetDependency section */
		CB4C12EF1A734D47000D5CE1 /* PBXTargetDependency */ = {
			isa = PBXTargetDependency;
			target = CB4C12D71A734D47000D5CE1 /* Mapping Ass */;
			targetProxy = CB4C12EE1A734D47000D5CE1 /* PBXContainerItemProxy */;
		};
/* End PBXTargetDependency section */

/* Begin PBXVariantGroup section */
		CB4C12E11A734D47000D5CE1 /* Main.storyboard */ = {
			isa = PBXVariantGroup;
			children = (
				CB4C12E21A734D47000D5CE1 /* Base */,
			);
			name = Main.storyboard;
			sourceTree = "<group>";
		};
		CB4C12E61A734D47000D5CE1 /* LaunchScreen.xib */ = {
			isa = PBXVariantGroup;
			children = (
				CB4C12E71A734D47000D5CE1 /* Base */,
			);
			name = LaunchScreen.xib;
			sourceTree = "<group>";
		};
/* End PBXVariantGroup section */

/* Begin XCBuildConfiguration section */
		CB4C12F51A734D47000D5CE1 /* Debug */ = {
			isa = XCBuildConfiguration;
			buildSettings = {
				ALWAYS_SEARCH_USER_PATHS = NO;
				CLANG_CXX_LANGUAGE_STANDARD = "gnu++0x";
				CLANG_CXX_LIBRARY = "libc++";
				CLANG_ENABLE_MODULES = YES;
				CLANG_ENABLE_OBJC_ARC = YES;
				CLANG_WARN_BOOL_CONVERSION = YES;
				CLANG_WARN_CONSTANT_CONVERSION = YES;
				CLANG_WARN_DIRECT_OBJC_ISA_USAGE = YES_ERROR;
				CLANG_WARN_EMPTY_BODY = YES;
				CLANG_WARN_ENUM_CONVERSION = YES;
				CLANG_WARN_INT_CONVERSION = YES;
				CLANG_WARN_OBJC_ROOT_CLASS = YES_ERROR;
				CLANG_WARN_UNREACHABLE_CODE = YES;
				CLANG_WARN__DUPLICATE_METHOD_MATCH = YES;
				"CODE_SIGN_IDENTITY[sdk=iphoneos*]" = "iPhone Developer";
				COPY_PHASE_STRIP = NO;
				ENABLE_STRICT_OBJC_MSGSEND = YES;
				GCC_C_LANGUAGE_STANDARD = gnu99;
				GCC_DYNAMIC_NO_PIC = NO;
				GCC_OPTIMIZATION_LEVEL = 0;
				GCC_PREPROCESSOR_DEFINITIONS = (
					"DEBUG=1",
					"$(inherited)",
				);
				GCC_SYMBOLS_PRIVATE_EXTERN = NO;
				GCC_WARN_64_TO_32_BIT_CONVERSION = YES;
				GCC_WARN_ABOUT_RETURN_TYPE = YES_ERROR;
				GCC_WARN_UNDECLARED_SELECTOR = YES;
				GCC_WARN_UNINITIALIZED_AUTOS = YES_AGGRESSIVE;
				GCC_WARN_UNUSED_FUNCTION = YES;
				GCC_WARN_UNUSED_VARIABLE = YES;
				IPHONEOS_DEPLOYMENT_TARGET = 7.0;
				MTL_ENABLE_DEBUG_INFO = YES;
				ONLY_ACTIVE_ARCH = YES;
				SDKROOT = iphoneos;
				SWIFT_OPTIMIZATION_LEVEL = "-Onone";
			};
			name = Debug;
		};
		CB4C12F61A734D47000D5CE1 /* Release */ = {
			isa = XCBuildConfiguration;
			buildSettings = {
				ALWAYS_SEARCH_USER_PATHS = NO;
				CLANG_CXX_LANGUAGE_STANDARD = "gnu++0x";
				CLANG_CXX_LIBRARY = "libc++";
				CLANG_ENABLE_MODULES = YES;
				CLANG_ENABLE_OBJC_ARC = YES;
				CLANG_WARN_BOOL_CONVERSION = YES;
				CLANG_WARN_CONSTANT_CONVERSION = YES;
				CLANG_WARN_DIRECT_OBJC_ISA_USAGE = YES_ERROR;
				CLANG_WARN_EMPTY_BODY = YES;
				CLANG_WARN_ENUM_CONVERSION = YES;
				CLANG_WARN_INT_CONVERSION = YES;
				CLANG_WARN_OBJC_ROOT_CLASS = YES_ERROR;
				CLANG_WARN_UNREACHABLE_CODE = YES;
				CLANG_WARN__DUPLICATE_METHOD_MATCH = YES;
				"CODE_SIGN_IDENTITY[sdk=iphoneos*]" = "iPhone Developer";
				COPY_PHASE_STRIP = YES;
				ENABLE_NS_ASSERTIONS = NO;
				ENABLE_STRICT_OBJC_MSGSEND = YES;
				GCC_C_LANGUAGE_STANDARD = gnu99;
				GCC_WARN_64_TO_32_BIT_CONVERSION = YES;
				GCC_WARN_ABOUT_RETURN_TYPE = YES_ERROR;
				GCC_WARN_UNDECLARED_SELECTOR = YES;
				GCC_WARN_UNINITIALIZED_AUTOS = YES_AGGRESSIVE;
				GCC_WARN_UNUSED_FUNCTION = YES;
				GCC_WARN_UNUSED_VARIABLE = YES;
				IPHONEOS_DEPLOYMENT_TARGET = 7.0;
				MTL_ENABLE_DEBUG_INFO = NO;
				SDKROOT = iphoneos;
				VALIDATE_PRODUCT = YES;
			};
			name = Release;
		};
		CB4C12F81A734D47000D5CE1 /* Debug */ = {
			isa = XCBuildConfiguration;
			buildSettings = {
				ASSETCATALOG_COMPILER_APPICON_NAME = AppIcon;
				CODE_SIGN_IDENTITY = "iPhone Developer: quanlan huang (RCSDS8JE23)";
				INFOPLIST_FILE = "Mapping Ass/Info.plist";
				IPHONEOS_DEPLOYMENT_TARGET = 7.0;
				LD_RUNPATH_SEARCH_PATHS = "$(inherited) @executable_path/Frameworks";
				PRODUCT_NAME = "$(TARGET_NAME)";
				PROVISIONING_PROFILE = "438ad102-e13e-4eac-857a-15170b10137f";
			};
			name = Debug;
		};
		CB4C12F91A734D47000D5CE1 /* Release */ = {
			isa = XCBuildConfiguration;
			buildSettings = {
				ASSETCATALOG_COMPILER_APPICON_NAME = AppIcon;
				CODE_SIGN_IDENTITY = "iPhone Developer: quanlan huang (RCSDS8JE23)";
				INFOPLIST_FILE = "Mapping Ass/Info.plist";
				IPHONEOS_DEPLOYMENT_TARGET = 7.0;
				LD_RUNPATH_SEARCH_PATHS = "$(inherited) @executable_path/Frameworks";
				ONLY_ACTIVE_ARCH = NO;
				PRODUCT_NAME = "$(TARGET_NAME)";
				PROVISIONING_PROFILE = "438ad102-e13e-4eac-857a-15170b10137f";
			};
			name = Release;
		};
		CB4C12FB1A734D47000D5CE1 /* Debug */ = {
			isa = XCBuildConfiguration;
			buildSettings = {
				BUNDLE_LOADER = "$(TEST_HOST)";
				FRAMEWORK_SEARCH_PATHS = (
					"$(SDKROOT)/Developer/Library/Frameworks",
					"$(inherited)",
				);
				GCC_PREPROCESSOR_DEFINITIONS = (
					"DEBUG=1",
					"$(inherited)",
				);
				INFOPLIST_FILE = "Mapping AssTests/Info.plist";
				LD_RUNPATH_SEARCH_PATHS = "$(inherited) @executable_path/Frameworks @loader_path/Frameworks";
				PRODUCT_NAME = "$(TARGET_NAME)";
				TEST_HOST = "$(BUILT_PRODUCTS_DIR)/Mapping Ass.app/Mapping Ass";
			};
			name = Debug;
		};
		CB4C12FC1A734D47000D5CE1 /* Release */ = {
			isa = XCBuildConfiguration;
			buildSettings = {
				BUNDLE_LOADER = "$(TEST_HOST)";
				FRAMEWORK_SEARCH_PATHS = (
					"$(SDKROOT)/Developer/Library/Frameworks",
					"$(inherited)",
				);
				INFOPLIST_FILE = "Mapping AssTests/Info.plist";
				LD_RUNPATH_SEARCH_PATHS = "$(inherited) @executable_path/Frameworks @loader_path/Frameworks";
				PRODUCT_NAME = "$(TARGET_NAME)";
				TEST_HOST = "$(BUILT_PRODUCTS_DIR)/Mapping Ass.app/Mapping Ass";
			};
			name = Release;
		};
/* End XCBuildConfiguration section */

/* Begin XCConfigurationList section */
		CB4C12D31A734D47000D5CE1 /* Build configuration list for PBXProject "Mapping Ass" */ = {
			isa = XCConfigurationList;
			buildConfigurations = (
				CB4C12F51A734D47000D5CE1 /* Debug */,
				CB4C12F61A734D47000D5CE1 /* Release */,
			);
			defaultConfigurationIsVisible = 0;
			defaultConfigurationName = Release;
		};
		CB4C12F71A734D47000D5CE1 /* Build configuration list for PBXNativeTarget "Mapping Ass" */ = {
			isa = XCConfigurationList;
			buildConfigurations = (
				CB4C12F81A734D47000D5CE1 /* Debug */,
				CB4C12F91A734D47000D5CE1 /* Release */,
			);
			defaultConfigurationIsVisible = 0;
			defaultConfigurationName = Release;
		};
		CB4C12FA1A734D47000D5CE1 /* Build configuration list for PBXNativeTarget "Mapping AssTests" */ = {
			isa = XCConfigurationList;
			buildConfigurations = (
				CB4C12FB1A734D47000D5CE1 /* Debug */,
				CB4C12FC1A734D47000D5CE1 /* Release */,
			);
			defaultConfigurationIsVisible = 0;
			defaultConfigurationName = Release;
		};
/* End XCConfigurationList section */
	};
	rootObject = CB4C12D01A734D47000D5CE1 /* Project object */;
}
